
Microsoft Visual Studio Solution File, Format Version 12.00
# Visual Studio Version 16
VisualStudioVersion = 16.0.30907.101
MinimumVisualStudioVersion = 10.0.40219.1
Project("{888888A0-9F3D-457C-B088-3A5042F75D52}") = "tv-show-download", "tv-show-download.pyproj", "{FD980C4C-651C-49A0-BCEB-B6F0C41987BD}"
EndProject
Global
	GlobalSection(SolutionConfigurationPlatforms) = preSolution
		Debug|Any CPU = Debug|Any CPU
		Release|Any CPU = Release|Any CPU
	EndGlobalSection
	GlobalSection(ProjectConfigurationPlatforms) = postSolution
		{FD980C4C-651C-49A0-BCEB-B6F0C41987BD}.Debug|Any CPU.ActiveCfg = Debug|Any CPU
		{FD980C4C-651C-49A0-BCEB-B6F0C41987BD}.Release|Any CPU.ActiveCfg = Release|Any CPU
	EndGlobalSection
	GlobalSection(SolutionProperties) = preSolution
		HideSolutionNode = FALSE
	EndGlobalSection
	GlobalSection(ExtensibilityGlobals) = postSolution
		SolutionGuid = {4C0BF5CC-DFC9-482B-8E26-D2B083F15DAC}
	EndGlobalSection
EndGlobal
